
Microsoft Visual Studio Solution File, Format Version 12.00
# Visual Studio Version 17
VisualStudioVersion = 17.10.35122.118
MinimumVisualStudioVersion = 10.0.40219.1
Project("{FAE04EC0-301F-11D3-BF4B-00C04F79EFBC}") = "ConsultorioSeguros", "ConsultorioSeguros.csproj", "{9EE5BA62-8E4A-41F3-9226-3CF6FAC12175}"
EndProject
Global
	GlobalSection(SolutionConfigurationPlatforms) = preSolution
		Debug|Any CPU = Debug|Any CPU
		Release|Any CPU = Release|Any CPU
	EndGlobalSection
	GlobalSection(ProjectConfigurationPlatforms) = postSolution
		{9EE5BA62-8E4A-41F3-9226-3CF6FAC12175}.Debug|Any CPU.ActiveCfg = Debug|Any CPU
		{9EE5BA62-8E4A-41F3-9226-3CF6FAC12175}.Debug|Any CPU.Build.0 = Debug|Any CPU
		{9EE5BA62-8E4A-41F3-9226-3CF6FAC12175}.Release|Any CPU.ActiveCfg = Release|Any CPU
		{9EE5BA62-8E4A-41F3-9226-3CF6FAC12175}.Release|Any CPU.Build.0 = Release|Any CPU
	EndGlobalSection
	GlobalSection(SolutionProperties) = preSolution
		HideSolutionNode = FALSE
	EndGlobalSection
	GlobalSection(ExtensibilityGlobals) = postSolution
		SolutionGuid = {61F49F8D-41BE-4792-AACF-BB327CB68E96}
	EndGlobalSection
EndGlobal
